
Microsoft Visual Studio Solution File, Format Version 12.00
# Visual Studio Version 17
VisualStudioVersion = 17.9.34714.143
MinimumVisualStudioVersion = 10.0.40219.1
Project("{FAE04EC0-301F-11D3-BF4B-00C04F79EFBC}") = "RCP_Klient", "RCP_Klient\RCP_Klient.csproj", "{9AFB2797-6FA4-40E7-9939-88F045C90D09}"
EndProject
Global
	GlobalSection(SolutionConfigurationPlatforms) = preSolution
		Debug|Any CPU = Debug|Any CPU
		Release|Any CPU = Release|Any CPU
	EndGlobalSection
	GlobalSection(ProjectConfigurationPlatforms) = postSolution
		{9AFB2797-6FA4-40E7-9939-88F045C90D09}.Debug|Any CPU.ActiveCfg = Debug|Any CPU
		{9AFB2797-6FA4-40E7-9939-88F045C90D09}.Debug|Any CPU.Build.0 = Debug|Any CPU
		{9AFB2797-6FA4-40E7-9939-88F045C90D09}.Release|Any CPU.ActiveCfg = Release|Any CPU
		{9AFB2797-6FA4-40E7-9939-88F045C90D09}.Release|Any CPU.Build.0 = Release|Any CPU
	EndGlobalSection
	GlobalSection(SolutionProperties) = preSolution
		HideSolutionNode = FALSE
	EndGlobalSection
	GlobalSection(ExtensibilityGlobals) = postSolution
		SolutionGuid = {37789043-A685-47A4-A7DC-4271CC1AFB7D}
	EndGlobalSection
EndGlobal
